
Microsoft Visual Studio Solution File, Format Version 12.00
# Visual Studio 15
VisualStudioVersion = 15.0.28307.645
MinimumVisualStudioVersion = 10.0.40219.1
Project("{9A19103F-16F7-4668-BE54-9A1E7A4F7556}") = "WebApii", "WebApii\WebApii.csproj", "{CC5350B7-70C0-4A8D-8464-B76D0CB3C1D2}"
EndProject
Project("{FAE04EC0-301F-11D3-BF4B-00C04F79EFBC}") = "Service", "Service\Service.csproj", "{4024821E-0E00-460D-A3FF-F6004DBAB0DD}"
EndProject
Project("{FAE04EC0-301F-11D3-BF4B-00C04F79EFBC}") = "Model", "Model\Model.csproj", "{2A601D31-A0ED-4E4D-B644-51CE07F7CD1F}"
EndProject
Project("{FAE04EC0-301F-11D3-BF4B-00C04F79EFBC}") = "Persistence", "Persistence\Persistence.csproj", "{2C248BA0-8F3A-4189-9B82-DCE54AAEF4FB}"
EndProject
Global
	GlobalSection(SolutionConfigurationPlatforms) = preSolution
		Debug|Any CPU = Debug|Any CPU
		Release|Any CPU = Release|Any CPU
	EndGlobalSection
	GlobalSection(ProjectConfigurationPlatforms) = postSolution
		{CC5350B7-70C0-4A8D-8464-B76D0CB3C1D2}.Debug|Any CPU.ActiveCfg = Debug|Any CPU
		{CC5350B7-70C0-4A8D-8464-B76D0CB3C1D2}.Debug|Any CPU.Build.0 = Debug|Any CPU
		{CC5350B7-70C0-4A8D-8464-B76D0CB3C1D2}.Release|Any CPU.ActiveCfg = Release|Any CPU
		{CC5350B7-70C0-4A8D-8464-B76D0CB3C1D2}.Release|Any CPU.Build.0 = Release|Any CPU
		{4024821E-0E00-460D-A3FF-F6004DBAB0DD}.Debug|Any CPU.ActiveCfg = Debug|Any CPU
		{4024821E-0E00-460D-A3FF-F6004DBAB0DD}.Debug|Any CPU.Build.0 = Debug|Any CPU
		{4024821E-0E00-460D-A3FF-F6004DBAB0DD}.Release|Any CPU.ActiveCfg = Release|Any CPU
		{4024821E-0E00-460D-A3FF-F6004DBAB0DD}.Release|Any CPU.Build.0 = Release|Any CPU
		{2A601D31-A0ED-4E4D-B644-51CE07F7CD1F}.Debug|Any CPU.ActiveCfg = Debug|Any CPU
		{2A601D31-A0ED-4E4D-B644-51CE07F7CD1F}.Debug|Any CPU.Build.0 = Debug|Any CPU
		{2A601D31-A0ED-4E4D-B644-51CE07F7CD1F}.Release|Any CPU.ActiveCfg = Release|Any CPU
		{2A601D31-A0ED-4E4D-B644-51CE07F7CD1F}.Release|Any CPU.Build.0 = Release|Any CPU
		{2C248BA0-8F3A-4189-9B82-DCE54AAEF4FB}.Debug|Any CPU.ActiveCfg = Debug|Any CPU
		{2C248BA0-8F3A-4189-9B82-DCE54AAEF4FB}.Debug|Any CPU.Build.0 = Debug|Any CPU
		{2C248BA0-8F3A-4189-9B82-DCE54AAEF4FB}.Release|Any CPU.ActiveCfg = Release|Any CPU
		{2C248BA0-8F3A-4189-9B82-DCE54AAEF4FB}.Release|Any CPU.Build.0 = Release|Any CPU
	EndGlobalSection
	GlobalSection(SolutionProperties) = preSolution
		HideSolutionNode = FALSE
	EndGlobalSection
	GlobalSection(ExtensibilityGlobals) = postSolution
		SolutionGuid = {92FF47BD-3502-4F1E-837D-3D0E5E780C35}
	EndGlobalSection
EndGlobal
