
Microsoft Visual Studio Solution File, Format Version 12.00
# Visual Studio 15
VisualStudioVersion = 15.0.28307.645
MinimumVisualStudioVersion = 10.0.40219.1
Project("{FAE04EC0-301F-11D3-BF4B-00C04F79EFBC}") = "WebApii", "WebApii\WebApii.csproj", "{CC5350B7-70C0-4A8D-8464-B76D0CB3C1D2}"
EndProject
Global
	GlobalSection(SolutionConfigurationPlatforms) = preSolution
		Debug|Any CPU = Debug|Any CPU
		Release|Any CPU = Release|Any CPU
	EndGlobalSection
	GlobalSection(ProjectConfigurationPlatforms) = postSolution
		{CC5350B7-70C0-4A8D-8464-B76D0CB3C1D2}.Debug|Any CPU.ActiveCfg = Debug|Any CPU
		{CC5350B7-70C0-4A8D-8464-B76D0CB3C1D2}.Debug|Any CPU.Build.0 = Debug|Any CPU
		{CC5350B7-70C0-4A8D-8464-B76D0CB3C1D2}.Release|Any CPU.ActiveCfg = Release|Any CPU
		{CC5350B7-70C0-4A8D-8464-B76D0CB3C1D2}.Release|Any CPU.Build.0 = Release|Any CPU
	EndGlobalSection
	GlobalSection(SolutionProperties) = preSolution
		HideSolutionNode = FALSE
	EndGlobalSection
	GlobalSection(ExtensibilityGlobals) = postSolution
		SolutionGuid = {92FF47BD-3502-4F1E-837D-3D0E5E780C35}
	EndGlobalSection
EndGlobal
